
Microsoft Visual Studio Solution File, Format Version 12.00
# Visual Studio Version 17
VisualStudioVersion = 17.12.35527.113
MinimumVisualStudioVersion = 10.0.40219.1
Project("{FAE04EC0-301F-11D3-BF4B-00C04F79EFBC}") = "TicTacToe.Original", "TicTacToe.Original\TicTacToe.Original.csproj", "{F165499B-53A6-42FA-B7AA-2AEA356B08C1}"
EndProject
Project("{FAE04EC0-301F-11D3-BF4B-00C04F79EFBC}") = "TicTacTor.SingleResponsabilityRefactoring.Tests", "TicTacToe.SingleResponsabilityRefactoring.Tests\TicTacTor.SingleResponsabilityRefactoring.Tests.csproj", "{42D4625C-D34C-497B-8110-D8615D3DD882}"
EndProject
Project("{FAE04EC0-301F-11D3-BF4B-00C04F79EFBC}") = "TicTacToe.Corrected", "TicTacToe.Corrected\TicTacToe.Corrected.csproj", "{309A8FBC-B31D-4A8E-AA1A-84E075664F81}"
EndProject
Project("{FAE04EC0-301F-11D3-BF4B-00C04F79EFBC}") = "TicTacToe.SingleResponsabilityRefactoring", "TicTacToe.SingleResponsabilityRefactoring\TicTacToe.SingleResponsabilityRefactoring.csproj", "{EAC3E0DE-7849-45B7-BE27-8D445F746885}"
EndProject
Global
	GlobalSection(SolutionConfigurationPlatforms) = preSolution
		Debug|Any CPU = Debug|Any CPU
		Release|Any CPU = Release|Any CPU
	EndGlobalSection
	GlobalSection(ProjectConfigurationPlatforms) = postSolution
		{F165499B-53A6-42FA-B7AA-2AEA356B08C1}.Debug|Any CPU.ActiveCfg = Debug|Any CPU
		{F165499B-53A6-42FA-B7AA-2AEA356B08C1}.Debug|Any CPU.Build.0 = Debug|Any CPU
		{F165499B-53A6-42FA-B7AA-2AEA356B08C1}.Release|Any CPU.ActiveCfg = Release|Any CPU
		{F165499B-53A6-42FA-B7AA-2AEA356B08C1}.Release|Any CPU.Build.0 = Release|Any CPU
		{42D4625C-D34C-497B-8110-D8615D3DD882}.Debug|Any CPU.ActiveCfg = Debug|Any CPU
		{42D4625C-D34C-497B-8110-D8615D3DD882}.Debug|Any CPU.Build.0 = Debug|Any CPU
		{42D4625C-D34C-497B-8110-D8615D3DD882}.Release|Any CPU.ActiveCfg = Release|Any CPU
		{42D4625C-D34C-497B-8110-D8615D3DD882}.Release|Any CPU.Build.0 = Release|Any CPU
		{309A8FBC-B31D-4A8E-AA1A-84E075664F81}.Debug|Any CPU.ActiveCfg = Debug|Any CPU
		{309A8FBC-B31D-4A8E-AA1A-84E075664F81}.Debug|Any CPU.Build.0 = Debug|Any CPU
		{309A8FBC-B31D-4A8E-AA1A-84E075664F81}.Release|Any CPU.ActiveCfg = Release|Any CPU
		{309A8FBC-B31D-4A8E-AA1A-84E075664F81}.Release|Any CPU.Build.0 = Release|Any CPU
		{EAC3E0DE-7849-45B7-BE27-8D445F746885}.Debug|Any CPU.ActiveCfg = Debug|Any CPU
		{EAC3E0DE-7849-45B7-BE27-8D445F746885}.Debug|Any CPU.Build.0 = Debug|Any CPU
		{EAC3E0DE-7849-45B7-BE27-8D445F746885}.Release|Any CPU.ActiveCfg = Release|Any CPU
		{EAC3E0DE-7849-45B7-BE27-8D445F746885}.Release|Any CPU.Build.0 = Release|Any CPU
	EndGlobalSection
	GlobalSection(SolutionProperties) = preSolution
		HideSolutionNode = FALSE
	EndGlobalSection
EndGlobal
